{
  "nodes": {
    "crane": {
      "flake": false,
      "locked": {
        "lastModified": 1644785799,
        "narHash": "sha256-VpAJO1L0XeBvtCuNGK4IDKp6ENHIpTrlaZT7yfBCvwo=",
        "owner": "ipetkov",
        "repo": "crane",
        "rev": "fc7a94f841347c88f2cb44217b2a3faa93e2a0b2",
        "type": "github"
      },
      "original": {
        "owner": "ipetkov",
        "repo": "crane",
        "type": "github"
      }
    },
    "devshell": {
      "inputs": {
        "flake-utils": "flake-utils",
        "nixpkgs": [
          "nixCargoIntegration",
          "nixpkgs"
        ]
      },
      "locked": {
        "lastModified": 1646322147,
        "narHash": "sha256-XwrdjThHPq/APV7B6mXJwYvN/3RmsjX1W4zPgjvCp0A=",
        "owner": "numtide",
        "repo": "devshell",
        "rev": "2cc45675b223a35ca1d8af6383752c3d4b66f484",
        "type": "github"
      },
      "original": {
        "owner": "numtide",
        "repo": "devshell",
        "type": "github"
      }
    },
    "dream2nix": {
      "inputs": {
        "crane": "crane",
        "gomod2nix": [
          "nixCargoIntegration",
          "nixpkgs"
        ],
        "mach-nix": [
          "nixCargoIntegration",
          "nixpkgs"
        ],
        "nixpkgs": [
          "nixCargoIntegration",
          "nixpkgs"
        ],
        "node2nix": [
          "nixCargoIntegration",
          "nixpkgs"
        ],
        "poetry2nix": [
          "nixCargoIntegration",
          "nixpkgs"
        ]
      },
      "locked": {
        "lastModified": 1646503013,
        "narHash": "sha256-TyMUMF8EJhuyDq7D3dNwOnqSiTuis/fs5zHPC2icFHU=",
        "owner": "nix-community",
        "repo": "dream2nix",
        "rev": "dac0e8dba90329adf63b3eb7d743f3133578633c",
        "type": "github"
      },
      "original": {
        "owner": "nix-community",
        "ref": "main",
        "repo": "dream2nix",
        "type": "github"
      }
    },
    "flake-utils": {
      "locked": {
        "lastModified": 1642700792,
        "narHash": "sha256-XqHrk7hFb+zBvRg6Ghl+AZDq03ov6OshJLiSWOoX5es=",
        "owner": "numtide",
        "repo": "flake-utils",
        "rev": "846b2ae0fc4cc943637d3d1def4454213e203cba",
        "type": "github"
      },
      "original": {
        "owner": "numtide",
        "repo": "flake-utils",
        "type": "github"
      }
    },
    "flake-utils_2": {
      "locked": {
        "lastModified": 1637014545,
        "narHash": "sha256-26IZAc5yzlD9FlDT54io1oqG/bBoyka+FJk5guaX4x4=",
        "owner": "numtide",
        "repo": "flake-utils",
        "rev": "bba5dcc8e0b20ab664967ad83d24d64cb64ec4f4",
        "type": "github"
      },
      "original": {
        "owner": "numtide",
        "repo": "flake-utils",
        "type": "github"
      }
    },
    "nixCargoIntegration": {
      "inputs": {
        "devshell": "devshell",
        "dream2nix": "dream2nix",
        "nixpkgs": [
          "nixpkgs"
        ],
        "rustOverlay": [
          "rust-overlay"
        ]
      },
      "locked": {
        "lastModified": 1646507693,
        "narHash": "sha256-Wwadj4Q6K6e8UopQ/rd9dHwgPNy89ktosFeIYxvQ0gA=",
        "owner": "yusdacra",
        "repo": "nix-cargo-integration",
        "rev": "d2c0b605e2fe7ba4926a28555c8b297ba05f8571",
        "type": "github"
      },
      "original": {
        "owner": "yusdacra",
        "repo": "nix-cargo-integration",
        "type": "github"
      }
    },
    "nixpkgs": {
      "locked": {
        "lastModified": 1654230545,
        "narHash": "sha256-8Vlwf0x8ow6pPOK2a04bT+pxIeRnM1+O0Xv9/CuDzRs=",
        "owner": "nixos",
        "repo": "nixpkgs",
        "rev": "236cc2971ac72acd90f0ae3a797f9f83098b17ec",
        "type": "github"
      },
      "original": {
        "owner": "nixos",
        "ref": "nixos-unstable",
        "repo": "nixpkgs",
        "type": "github"
      }
    },
    "root": {
      "inputs": {
        "nixCargoIntegration": "nixCargoIntegration",
        "nixpkgs": "nixpkgs",
        "rust-overlay": "rust-overlay"
      }
    },
    "rust-overlay": {
      "inputs": {
        "flake-utils": "flake-utils_2",
        "nixpkgs": [
          "nixpkgs"
        ]
      },
      "locked": {
        "lastModified": 1654396786,
        "narHash": "sha256-stM8eWx51WDwptsByQFwmAvPBT1N0XUhcGaMq5Nx7T8=",
        "owner": "oxalica",
        "repo": "rust-overlay",
        "rev": "2d306305e1a52d3e18bf10a5d88f3eca99033ba8",
        "type": "github"
      },
      "original": {
        "owner": "oxalica",
        "repo": "rust-overlay",
        "type": "github"
      }
    }
  },
  "root": "root",
  "version": 7
}
